// !$*UTF8*$!
{
	archiveVersion = 1;
	classes = {
	};
	objectVersion = 50;
	objects = {

/* Begin PBXBuildFile section */
		50DD68A13C028C4C97852B91 /* libPods-BentoBear.a in Frameworks */ = {isa = PBXBuildFile; fileRef = 494D993CEB0F6DBAEEB44B56 /* libPods-BentoBear.a */; };
		D1130BE722414CBB00C7BC63 /* PostListRenderer.swift in Sources */ = {isa = PBXBuildFile; fileRef = D1130BE622414CBB00C7BC63 /* PostListRenderer.swift */; };
		D1130BEA22414F2D00C7BC63 /* Localizable.strings in Resources */ = {isa = PBXBuildFile; fileRef = D1130BEC22414F2D00C7BC63 /* Localizable.strings */; };
		D1130BEE224150DD00C7BC63 /* LocalizedString.swift in Sources */ = {isa = PBXBuildFile; fileRef = D1130BED224150DD00C7BC63 /* LocalizedString.swift */; };
		D1130BF02241581300C7BC63 /* PostListFlowController.swift in Sources */ = {isa = PBXBuildFile; fileRef = D1130BEF2241581300C7BC63 /* PostListFlowController.swift */; };
		D1130BF22241587C00C7BC63 /* PostListBuilder.swift in Sources */ = {isa = PBXBuildFile; fileRef = D1130BF12241587C00C7BC63 /* PostListBuilder.swift */; };
		D1130BF5224168D700C7BC63 /* ReduceError.swift in Sources */ = {isa = PBXBuildFile; fileRef = D1130BF4224168D700C7BC63 /* ReduceError.swift */; };
		D1130BF722416C6C00C7BC63 /* UserFacingError.swift in Sources */ = {isa = PBXBuildFile; fileRef = D1130BF622416C6C00C7BC63 /* UserFacingError.swift */; };
		D1130BF92242582300C7BC63 /* Apply.swift in Sources */ = {isa = PBXBuildFile; fileRef = D1130BF82242582300C7BC63 /* Apply.swift */; };
		D18276962240154A008C2A34 /* AresViewModel.swift in Sources */ = {isa = PBXBuildFile; fileRef = D18276952240154A008C2A34 /* AresViewModel.swift */; };
		D18276982240441C008C2A34 /* PostStore.swift in Sources */ = {isa = PBXBuildFile; fileRef = D18276972240441C008C2A34 /* PostStore.swift */; };
		D182769A22404C5C008C2A34 /* PostDownloader.swift in Sources */ = {isa = PBXBuildFile; fileRef = D182769922404C5C008C2A34 /* PostDownloader.swift */; };
		D1AF93F52242620F007D0799 /* NetworkData.swift in Sources */ = {isa = PBXBuildFile; fileRef = D1AF93F42242620F007D0799 /* NetworkData.swift */; };
		D1CC42202239903E0062DED7 /* Flow.swift in Sources */ = {isa = PBXBuildFile; fileRef = D1CC421F2239903E0062DED7 /* Flow.swift */; };
		D1E0ABE3223FF0A000AC5A93 /* PostListViewModel.swift in Sources */ = {isa = PBXBuildFile; fileRef = D1E0ABE2223FF0A000AC5A93 /* PostListViewModel.swift */; };
		D1E0ABE6223FF73F00AC5A93 /* Post.swift in Sources */ = {isa = PBXBuildFile; fileRef = D1E0ABE5223FF73F00AC5A93 /* Post.swift */; };
		D1FF79C72238008D00DEF677 /* AppDelegate.swift in Sources */ = {isa = PBXBuildFile; fileRef = D1FF79C62238008D00DEF677 /* AppDelegate.swift */; };
		D1FF79CE2238009000DEF677 /* Assets.xcassets in Resources */ = {isa = PBXBuildFile; fileRef = D1FF79CD2238009000DEF677 /* Assets.xcassets */; };
		D1FF79D12238009000DEF677 /* LaunchScreen.storyboard in Resources */ = {isa = PBXBuildFile; fileRef = D1FF79CF2238009000DEF677 /* LaunchScreen.storyboard */; };
/* End PBXBuildFile section */

/* Begin PBXFileReference section */
		494D993CEB0F6DBAEEB44B56 /* libPods-BentoBear.a */ = {isa = PBXFileReference; explicitFileType = archive.ar; includeInIndex = 0; path = "libPods-BentoBear.a"; sourceTree = BUILT_PRODUCTS_DIR; };
		B38A7FF987A531CE3F72E05B /* Pods-BentoBear.debug.xcconfig */ = {isa = PBXFileReference; includeInIndex = 1; lastKnownFileType = text.xcconfig; name = "Pods-BentoBear.debug.xcconfig"; path = "Target Support Files/Pods-BentoBear/Pods-BentoBear.debug.xcconfig"; sourceTree = "<group>"; };
		D1130BE622414CBB00C7BC63 /* PostListRenderer.swift */ = {isa = PBXFileReference; lastKnownFileType = sourcecode.swift; path = PostListRenderer.swift; sourceTree = "<group>"; };
		D1130BEB22414F2D00C7BC63 /* en */ = {isa = PBXFileReference; lastKnownFileType = text.plist.strings; name = en; path = en.lproj/Localizable.strings; sourceTree = "<group>"; };
		D1130BED224150DD00C7BC63 /* LocalizedString.swift */ = {isa = PBXFileReference; lastKnownFileType = sourcecode.swift; path = LocalizedString.swift; sourceTree = "<group>"; };
		D1130BEF2241581300C7BC63 /* PostListFlowController.swift */ = {isa = PBXFileReference; lastKnownFileType = sourcecode.swift; path = PostListFlowController.swift; sourceTree = "<group>"; };
		D1130BF12241587C00C7BC63 /* PostListBuilder.swift */ = {isa = PBXFileReference; lastKnownFileType = sourcecode.swift; path = PostListBuilder.swift; sourceTree = "<group>"; };
		D1130BF4224168D700C7BC63 /* ReduceError.swift */ = {isa = PBXFileReference; lastKnownFileType = sourcecode.swift; path = ReduceError.swift; sourceTree = "<group>"; };
		D1130BF622416C6C00C7BC63 /* UserFacingError.swift */ = {isa = PBXFileReference; lastKnownFileType = sourcecode.swift; path = UserFacingError.swift; sourceTree = "<group>"; };
		D1130BF82242582300C7BC63 /* Apply.swift */ = {isa = PBXFileReference; lastKnownFileType = sourcecode.swift; path = Apply.swift; sourceTree = "<group>"; };
		D18276952240154A008C2A34 /* AresViewModel.swift */ = {isa = PBXFileReference; lastKnownFileType = sourcecode.swift; path = AresViewModel.swift; sourceTree = "<group>"; };
		D18276972240441C008C2A34 /* PostStore.swift */ = {isa = PBXFileReference; lastKnownFileType = sourcecode.swift; path = PostStore.swift; sourceTree = "<group>"; };
		D182769922404C5C008C2A34 /* PostDownloader.swift */ = {isa = PBXFileReference; lastKnownFileType = sourcecode.swift; path = PostDownloader.swift; sourceTree = "<group>"; };
		D1AF93F42242620F007D0799 /* NetworkData.swift */ = {isa = PBXFileReference; lastKnownFileType = sourcecode.swift; path = NetworkData.swift; sourceTree = "<group>"; };
		D1CC421F2239903E0062DED7 /* Flow.swift */ = {isa = PBXFileReference; lastKnownFileType = sourcecode.swift; path = Flow.swift; sourceTree = "<group>"; };
		D1E0ABE2223FF0A000AC5A93 /* PostListViewModel.swift */ = {isa = PBXFileReference; lastKnownFileType = sourcecode.swift; path = PostListViewModel.swift; sourceTree = "<group>"; };
		D1E0ABE5223FF73F00AC5A93 /* Post.swift */ = {isa = PBXFileReference; lastKnownFileType = sourcecode.swift; path = Post.swift; sourceTree = "<group>"; };
		D1FF79C32238008D00DEF677 /* BentoBear.app */ = {isa = PBXFileReference; explicitFileType = wrapper.application; includeInIndex = 0; path = BentoBear.app; sourceTree = BUILT_PRODUCTS_DIR; };
		D1FF79C62238008D00DEF677 /* AppDelegate.swift */ = {isa = PBXFileReference; lastKnownFileType = sourcecode.swift; path = AppDelegate.swift; sourceTree = "<group>"; };
		D1FF79CD2238009000DEF677 /* Assets.xcassets */ = {isa = PBXFileReference; lastKnownFileType = folder.assetcatalog; path = Assets.xcassets; sourceTree = "<group>"; };
		D1FF79D02238009000DEF677 /* Base */ = {isa = PBXFileReference; lastKnownFileType = file.storyboard; name = Base; path = Base.lproj/LaunchScreen.storyboard; sourceTree = "<group>"; };
		D1FF79D22238009000DEF677 /* Info.plist */ = {isa = PBXFileReference; lastKnownFileType = text.plist.xml; path = Info.plist; sourceTree = "<group>"; };
		E8D335D9249502A19CAA646A /* Pods-BentoBear.release.xcconfig */ = {isa = PBXFileReference; includeInIndex = 1; lastKnownFileType = text.xcconfig; name = "Pods-BentoBear.release.xcconfig"; path = "Target Support Files/Pods-BentoBear/Pods-BentoBear.release.xcconfig"; sourceTree = "<group>"; };
/* End PBXFileReference section */

/* Begin PBXFrameworksBuildPhase section */
		D1FF79C02238008D00DEF677 /* Frameworks */ = {
			isa = PBXFrameworksBuildPhase;
			buildActionMask = 2147483647;
			files = (
				50DD68A13C028C4C97852B91 /* libPods-BentoBear.a in Frameworks */,
			);
			runOnlyForDeploymentPostprocessing = 0;
		};
/* End PBXFrameworksBuildPhase section */

/* Begin PBXGroup section */
		418A338D848FBBE95825009F /* Pods */ = {
			isa = PBXGroup;
			children = (
				B38A7FF987A531CE3F72E05B /* Pods-BentoBear.debug.xcconfig */,
				E8D335D9249502A19CAA646A /* Pods-BentoBear.release.xcconfig */,
			);
			path = Pods;
			sourceTree = "<group>";
		};
		A5ADD3E2AD86C6DA0FCD1CC1 /* Frameworks */ = {
			isa = PBXGroup;
			children = (
				494D993CEB0F6DBAEEB44B56 /* libPods-BentoBear.a */,
			);
			name = Frameworks;
			sourceTree = "<group>";
		};
		D1130BF322415AD400C7BC63 /* Helpers */ = {
			isa = PBXGroup;
			children = (
				D1CC421F2239903E0062DED7 /* Flow.swift */,
				D18276952240154A008C2A34 /* AresViewModel.swift */,
				D1130BED224150DD00C7BC63 /* LocalizedString.swift */,
				D1130BF4224168D700C7BC63 /* ReduceError.swift */,
				D1130BF622416C6C00C7BC63 /* UserFacingError.swift */,
				D1130BF82242582300C7BC63 /* Apply.swift */,
			);
			path = Helpers;
			sourceTree = "<group>";
		};
		D1E0ABE1223FF07C00AC5A93 /* Post List */ = {
			isa = PBXGroup;
			children = (
				D1E0ABE2223FF0A000AC5A93 /* PostListViewModel.swift */,
				D1130BE622414CBB00C7BC63 /* PostListRenderer.swift */,
				D1130BEF2241581300C7BC63 /* PostListFlowController.swift */,
				D1130BF12241587C00C7BC63 /* PostListBuilder.swift */,
			);
			path = "Post List";
			sourceTree = "<group>";
		};
		D1E0ABE4223FF72300AC5A93 /* Model */ = {
			isa = PBXGroup;
			children = (
				D1E0ABE5223FF73F00AC5A93 /* Post.swift */,
				D18276972240441C008C2A34 /* PostStore.swift */,
				D182769922404C5C008C2A34 /* PostDownloader.swift */,
				D1AF93F42242620F007D0799 /* NetworkData.swift */,
			);
			path = Model;
			sourceTree = "<group>";
		};
		D1FF79BA2238008D00DEF677 = {
			isa = PBXGroup;
			children = (
				D1FF79C52238008D00DEF677 /* BentoBear */,
				D1FF79C42238008D00DEF677 /* Products */,
				418A338D848FBBE95825009F /* Pods */,
				A5ADD3E2AD86C6DA0FCD1CC1 /* Frameworks */,
			);
			sourceTree = "<group>";
		};
		D1FF79C42238008D00DEF677 /* Products */ = {
			isa = PBXGroup;
			children = (
				D1FF79C32238008D00DEF677 /* BentoBear.app */,
			);
			name = Products;
			sourceTree = "<group>";
		};
		D1FF79C52238008D00DEF677 /* BentoBear */ = {
			isa = PBXGroup;
			children = (
				D1FF79C62238008D00DEF677 /* AppDelegate.swift */,
				D1130BF322415AD400C7BC63 /* Helpers */,
				D1E0ABE4223FF72300AC5A93 /* Model */,
				D1E0ABE1223FF07C00AC5A93 /* Post List */,
				D1FF79CD2238009000DEF677 /* Assets.xcassets */,
				D1FF79CF2238009000DEF677 /* LaunchScreen.storyboard */,
				D1FF79D22238009000DEF677 /* Info.plist */,
				D1130BEC22414F2D00C7BC63 /* Localizable.strings */,
			);
			path = BentoBear;
			sourceTree = "<group>";
		};
/* End PBXGroup section */

/* Begin PBXNativeTarget section */
		D1FF79C22238008D00DEF677 /* BentoBear */ = {
			isa = PBXNativeTarget;
			buildConfigurationList = D1FF79D52238009000DEF677 /* Build configuration list for PBXNativeTarget "BentoBear" */;
			buildPhases = (
				5C455302C9385C2A3DFEAB39 /* [CP] Check Pods Manifest.lock */,
				D1FF79BF2238008D00DEF677 /* Sources */,
				D1FF79C02238008D00DEF677 /* Frameworks */,
				D1FF79C12238008D00DEF677 /* Resources */,
				6400AAE981D25A870C064172 /* [CP] Copy Pods Resources */,
			);
			buildRules = (
			);
			dependencies = (
			);
			name = BentoBear;
			productName = BentoBear;
			productReference = D1FF79C32238008D00DEF677 /* BentoBear.app */;
			productType = "com.apple.product-type.application";
		};
/* End PBXNativeTarget section */

/* Begin PBXProject section */
		D1FF79BB2238008D00DEF677 /* Project object */ = {
			isa = PBXProject;
			attributes = {
				LastSwiftUpdateCheck = 1010;
				LastUpgradeCheck = 1010;
				ORGANIZATIONNAME = "Yuri Karabatov";
				TargetAttributes = {
					D1FF79C22238008D00DEF677 = {
						CreatedOnToolsVersion = 10.1;
					};
				};
			};
			buildConfigurationList = D1FF79BE2238008D00DEF677 /* Build configuration list for PBXProject "BentoBear" */;
			compatibilityVersion = "Xcode 9.3";
			developmentRegion = en;
			hasScannedForEncodings = 0;
			knownRegions = (
				en,
				Base,
			);
			mainGroup = D1FF79BA2238008D00DEF677;
			productRefGroup = D1FF79C42238008D00DEF677 /* Products */;
			projectDirPath = "";
			projectRoot = "";
			targets = (
				D1FF79C22238008D00DEF677 /* BentoBear */,
			);
		};
/* End PBXProject section */

/* Begin PBXResourcesBuildPhase section */
		D1FF79C12238008D00DEF677 /* Resources */ = {
			isa = PBXResourcesBuildPhase;
			buildActionMask = 2147483647;
			files = (
				D1FF79D12238009000DEF677 /* LaunchScreen.storyboard in Resources */,
				D1130BEA22414F2D00C7BC63 /* Localizable.strings in Resources */,
				D1FF79CE2238009000DEF677 /* Assets.xcassets in Resources */,
			);
			runOnlyForDeploymentPostprocessing = 0;
		};
/* End PBXResourcesBuildPhase section */

/* Begin PBXShellScriptBuildPhase section */
		5C455302C9385C2A3DFEAB39 /* [CP] Check Pods Manifest.lock */ = {
			isa = PBXShellScriptBuildPhase;
			buildActionMask = 2147483647;
			files = (
			);
			inputFileListPaths = (
			);
			inputPaths = (
				"${PODS_PODFILE_DIR_PATH}/Podfile.lock",
				"${PODS_ROOT}/Manifest.lock",
			);
			name = "[CP] Check Pods Manifest.lock";
			outputFileListPaths = (
			);
			outputPaths = (
				"$(DERIVED_FILE_DIR)/Pods-BentoBear-checkManifestLockResult.txt",
			);
			runOnlyForDeploymentPostprocessing = 0;
			shellPath = /bin/sh;
			shellScript = "diff \"${PODS_PODFILE_DIR_PATH}/Podfile.lock\" \"${PODS_ROOT}/Manifest.lock\" > /dev/null\nif [ $? != 0 ] ; then\n    # print error to STDERR\n    echo \"error: The sandbox is not in sync with the Podfile.lock. Run 'pod install' or update your CocoaPods installation.\" >&2\n    exit 1\nfi\n# This output is used by Xcode 'outputs' to avoid re-running this script phase.\necho \"SUCCESS\" > \"${SCRIPT_OUTPUT_FILE_0}\"\n";
			showEnvVarsInLog = 0;
		};
		6400AAE981D25A870C064172 /* [CP] Copy Pods Resources */ = {
			isa = PBXShellScriptBuildPhase;
			buildActionMask = 2147483647;
			files = (
			);
			inputFileListPaths = (
			);
			inputPaths = (
				"${PODS_ROOT}/Target Support Files/Pods-BentoBear/Pods-BentoBear-resources.sh",
				"${PODS_CONFIGURATION_BUILD_DIR}/BentoKit/BentoKit.bundle",
			);
			name = "[CP] Copy Pods Resources";
			outputFileListPaths = (
			);
			outputPaths = (
				"${TARGET_BUILD_DIR}/${UNLOCALIZED_RESOURCES_FOLDER_PATH}/BentoKit.bundle",
			);
			runOnlyForDeploymentPostprocessing = 0;
			shellPath = /bin/sh;
			shellScript = "\"${PODS_ROOT}/Target Support Files/Pods-BentoBear/Pods-BentoBear-resources.sh\"\n";
			showEnvVarsInLog = 0;
		};
/* End PBXShellScriptBuildPhase section */

/* Begin PBXSourcesBuildPhase section */
		D1FF79BF2238008D00DEF677 /* Sources */ = {
			isa = PBXSourcesBuildPhase;
			buildActionMask = 2147483647;
			files = (
				D1E0ABE3223FF0A000AC5A93 /* PostListViewModel.swift in Sources */,
				D1130BEE224150DD00C7BC63 /* LocalizedString.swift in Sources */,
				D1130BF92242582300C7BC63 /* Apply.swift in Sources */,
				D1AF93F52242620F007D0799 /* NetworkData.swift in Sources */,
				D1130BF5224168D700C7BC63 /* ReduceError.swift in Sources */,
				D18276982240441C008C2A34 /* PostStore.swift in Sources */,
				D1130BF22241587C00C7BC63 /* PostListBuilder.swift in Sources */,
				D182769A22404C5C008C2A34 /* PostDownloader.swift in Sources */,
				D1E0ABE6223FF73F00AC5A93 /* Post.swift in Sources */,
				D1130BF02241581300C7BC63 /* PostListFlowController.swift in Sources */,
				D1130BE722414CBB00C7BC63 /* PostListRenderer.swift in Sources */,
				D1CC42202239903E0062DED7 /* Flow.swift in Sources */,
				D1130BF722416C6C00C7BC63 /* UserFacingError.swift in Sources */,
				D1FF79C72238008D00DEF677 /* AppDelegate.swift in Sources */,
				D18276962240154A008C2A34 /* AresViewModel.swift in Sources */,
			);
			runOnlyForDeploymentPostprocessing = 0;
		};
/* End PBXSourcesBuildPhase section */

/* Begin PBXVariantGroup section */
		D1130BEC22414F2D00C7BC63 /* Localizable.strings */ = {
			isa = PBXVariantGroup;
			children = (
				D1130BEB22414F2D00C7BC63 /* en */,
			);
			name = Localizable.strings;
			sourceTree = "<group>";
		};
		D1FF79CF2238009000DEF677 /* LaunchScreen.storyboard */ = {
			isa = PBXVariantGroup;
			children = (
				D1FF79D02238009000DEF677 /* Base */,
			);
			name = LaunchScreen.storyboard;
			sourceTree = "<group>";
		};
/* End PBXVariantGroup section */

/* Begin XCBuildConfiguration section */
		D1FF79D32238009000DEF677 /* Debug */ = {
			isa = XCBuildConfiguration;
			buildSettings = {
				ALWAYS_SEARCH_USER_PATHS = NO;
				CLANG_ANALYZER_NONNULL = YES;
				CLANG_ANALYZER_NUMBER_OBJECT_CONVERSION = YES_AGGRESSIVE;
				CLANG_CXX_LANGUAGE_STANDARD = "gnu++14";
				CLANG_CXX_LIBRARY = "libc++";
				CLANG_ENABLE_MODULES = YES;
				CLANG_ENABLE_OBJC_ARC = YES;
				CLANG_ENABLE_OBJC_WEAK = YES;
				CLANG_WARN_BLOCK_CAPTURE_AUTORELEASING = YES;
				CLANG_WARN_BOOL_CONVERSION = YES;
				CLANG_WARN_COMMA = YES;
				CLANG_WARN_CONSTANT_CONVERSION = YES;
				CLANG_WARN_DEPRECATED_OBJC_IMPLEMENTATIONS = YES;
				CLANG_WARN_DIRECT_OBJC_ISA_USAGE = YES_ERROR;
				CLANG_WARN_DOCUMENTATION_COMMENTS = YES;
				CLANG_WARN_EMPTY_BODY = YES;
				CLANG_WARN_ENUM_CONVERSION = YES;
				CLANG_WARN_INFINITE_RECURSION = YES;
				CLANG_WARN_INT_CONVERSION = YES;
				CLANG_WARN_NON_LITERAL_NULL_CONVERSION = YES;
				CLANG_WARN_OBJC_IMPLICIT_RETAIN_SELF = YES;
				CLANG_WARN_OBJC_LITERAL_CONVERSION = YES;
				CLANG_WARN_OBJC_ROOT_CLASS = YES_ERROR;
				CLANG_WARN_RANGE_LOOP_ANALYSIS = YES;
				CLANG_WARN_STRICT_PROTOTYPES = YES;
				CLANG_WARN_SUSPICIOUS_MOVE = YES;
				CLANG_WARN_UNGUARDED_AVAILABILITY = YES_AGGRESSIVE;
				CLANG_WARN_UNREACHABLE_CODE = YES;
				CLANG_WARN__DUPLICATE_METHOD_MATCH = YES;
				CODE_SIGN_IDENTITY = "iPhone Developer";
				COPY_PHASE_STRIP = NO;
				DEBUG_INFORMATION_FORMAT = dwarf;
				ENABLE_STRICT_OBJC_MSGSEND = YES;
				ENABLE_TESTABILITY = YES;
				GCC_C_LANGUAGE_STANDARD = gnu11;
				GCC_DYNAMIC_NO_PIC = NO;
				GCC_NO_COMMON_BLOCKS = YES;
				GCC_OPTIMIZATION_LEVEL = 0;
				GCC_PREPROCESSOR_DEFINITIONS = (
					"DEBUG=1",
					"$(inherited)",
				);
				GCC_WARN_64_TO_32_BIT_CONVERSION = YES;
				GCC_WARN_ABOUT_RETURN_TYPE = YES_ERROR;
				GCC_WARN_UNDECLARED_SELECTOR = YES;
				GCC_WARN_UNINITIALIZED_AUTOS = YES_AGGRESSIVE;
				GCC_WARN_UNUSED_FUNCTION = YES;
				GCC_WARN_UNUSED_VARIABLE = YES;
				IPHONEOS_DEPLOYMENT_TARGET = 10.3;
				MTL_ENABLE_DEBUG_INFO = INCLUDE_SOURCE;
				MTL_FAST_MATH = YES;
				ONLY_ACTIVE_ARCH = YES;
				SDKROOT = iphoneos;
				SWIFT_ACTIVE_COMPILATION_CONDITIONS = DEBUG;
				SWIFT_OPTIMIZATION_LEVEL = "-Onone";
			};
			name = Debug;
		};
		D1FF79D42238009000DEF677 /* Release */ = {
			isa = XCBuildConfiguration;
			buildSettings = {
				ALWAYS_SEARCH_USER_PATHS = NO;
				CLANG_ANALYZER_NONNULL = YES;
				CLANG_ANALYZER_NUMBER_OBJECT_CONVERSION = YES_AGGRESSIVE;
				CLANG_CXX_LANGUAGE_STANDARD = "gnu++14";
				CLANG_CXX_LIBRARY = "libc++";
				CLANG_ENABLE_MODULES = YES;
				CLANG_ENABLE_OBJC_ARC = YES;
				CLANG_ENABLE_OBJC_WEAK = YES;
				CLANG_WARN_BLOCK_CAPTURE_AUTORELEASING = YES;
				CLANG_WARN_BOOL_CONVERSION = YES;
				CLANG_WARN_COMMA = YES;
				CLANG_WARN_CONSTANT_CONVERSION = YES;
				CLANG_WARN_DEPRECATED_OBJC_IMPLEMENTATIONS = YES;
				CLANG_WARN_DIRECT_OBJC_ISA_USAGE = YES_ERROR;
				CLANG_WARN_DOCUMENTATION_COMMENTS = YES;
				CLANG_WARN_EMPTY_BODY = YES;
				CLANG_WARN_ENUM_CONVERSION = YES;
				CLANG_WARN_INFINITE_RECURSION = YES;
				CLANG_WARN_INT_CONVERSION = YES;
				CLANG_WARN_NON_LITERAL_NULL_CONVERSION = YES;
				CLANG_WARN_OBJC_IMPLICIT_RETAIN_SELF = YES;
				CLANG_WARN_OBJC_LITERAL_CONVERSION = YES;
				CLANG_WARN_OBJC_ROOT_CLASS = YES_ERROR;
				CLANG_WARN_RANGE_LOOP_ANALYSIS = YES;
				CLANG_WARN_STRICT_PROTOTYPES = YES;
				CLANG_WARN_SUSPICIOUS_MOVE = YES;
				CLANG_WARN_UNGUARDED_AVAILABILITY = YES_AGGRESSIVE;
				CLANG_WARN_UNREACHABLE_CODE = YES;
				CLANG_WARN__DUPLICATE_METHOD_MATCH = YES;
				CODE_SIGN_IDENTITY = "iPhone Developer";
				COPY_PHASE_STRIP = NO;
				DEBUG_INFORMATION_FORMAT = "dwarf-with-dsym";
				ENABLE_NS_ASSERTIONS = NO;
				ENABLE_STRICT_OBJC_MSGSEND = YES;
				GCC_C_LANGUAGE_STANDARD = gnu11;
				GCC_NO_COMMON_BLOCKS = YES;
				GCC_WARN_64_TO_32_BIT_CONVERSION = YES;
				GCC_WARN_ABOUT_RETURN_TYPE = YES_ERROR;
				GCC_WARN_UNDECLARED_SELECTOR = YES;
				GCC_WARN_UNINITIALIZED_AUTOS = YES_AGGRESSIVE;
				GCC_WARN_UNUSED_FUNCTION = YES;
				GCC_WARN_UNUSED_VARIABLE = YES;
				IPHONEOS_DEPLOYMENT_TARGET = 10.3;
				MTL_ENABLE_DEBUG_INFO = NO;
				MTL_FAST_MATH = YES;
				SDKROOT = iphoneos;
				SWIFT_COMPILATION_MODE = wholemodule;
				SWIFT_OPTIMIZATION_LEVEL = "-O";
				VALIDATE_PRODUCT = YES;
			};
			name = Release;
		};
		D1FF79D62238009000DEF677 /* Debug */ = {
			isa = XCBuildConfiguration;
			baseConfigurationReference = B38A7FF987A531CE3F72E05B /* Pods-BentoBear.debug.xcconfig */;
			buildSettings = {
				ASSETCATALOG_COMPILER_APPICON_NAME = AppIcon;
				CODE_SIGN_STYLE = Automatic;
				DEVELOPMENT_TEAM = 9BC9H7L8K6;
				INFOPLIST_FILE = BentoBear/Info.plist;
				LD_RUNPATH_SEARCH_PATHS = (
					"$(inherited)",
					"@executable_path/Frameworks",
				);
				PRODUCT_BUNDLE_IDENTIFIER = com.yurikarabatov.BentoBear;
				PRODUCT_NAME = "$(TARGET_NAME)";
				SWIFT_VERSION = 4.2;
				TARGETED_DEVICE_FAMILY = "1,2";
			};
			name = Debug;
		};
		D1FF79D72238009000DEF677 /* Release */ = {
			isa = XCBuildConfiguration;
			baseConfigurationReference = E8D335D9249502A19CAA646A /* Pods-BentoBear.release.xcconfig */;
			buildSettings = {
				ASSETCATALOG_COMPILER_APPICON_NAME = AppIcon;
				CODE_SIGN_STYLE = Automatic;
				DEVELOPMENT_TEAM = 9BC9H7L8K6;
				INFOPLIST_FILE = BentoBear/Info.plist;
				LD_RUNPATH_SEARCH_PATHS = (
					"$(inherited)",
					"@executable_path/Frameworks",
				);
				PRODUCT_BUNDLE_IDENTIFIER = com.yurikarabatov.BentoBear;
				PRODUCT_NAME = "$(TARGET_NAME)";
				SWIFT_VERSION = 4.2;
				TARGETED_DEVICE_FAMILY = "1,2";
			};
			name = Release;
		};
/* End XCBuildConfiguration section */

/* Begin XCConfigurationList section */
		D1FF79BE2238008D00DEF677 /* Build configuration list for PBXProject "BentoBear" */ = {
			isa = XCConfigurationList;
			buildConfigurations = (
				D1FF79D32238009000DEF677 /* Debug */,
				D1FF79D42238009000DEF677 /* Release */,
			);
			defaultConfigurationIsVisible = 0;
			defaultConfigurationName = Release;
		};
		D1FF79D52238009000DEF677 /* Build configuration list for PBXNativeTarget "BentoBear" */ = {
			isa = XCConfigurationList;
			buildConfigurations = (
				D1FF79D62238009000DEF677 /* Debug */,
				D1FF79D72238009000DEF677 /* Release */,
			);
			defaultConfigurationIsVisible = 0;
			defaultConfigurationName = Release;
		};
/* End XCConfigurationList section */
	};
	rootObject = D1FF79BB2238008D00DEF677 /* Project object */;
}
